<?xml version="1.0" encoding="utf-8"?>
<Project ToolsVersion="4.0" xmlns="http://schemas.microsoft.com/developer/msbuild/2003">
  <ItemGroup>
    <Filter Include="Source Files">
      <UniqueIdentifier>{8f9832fc-1414-4d81-b003-33dff4b2f7cd}</UniqueIdentifier>
    </Filter>
    <Filter Include="Source Files\windows">
      <UniqueIdentifier>{32411f08-95d7-4b93-8968-82481ea2eb30}</UniqueIdentifier>
    </Filter>
  </ItemGroup>
  <ItemGroup>
    <ClCompile Include="windows\dllmain.cpp">
      <Filter>Source Files\windows</Filter>
    </ClCompile>
    <ClCompile Include="windows\executor.cpp">
      <Filter>Source Files\windows</Filter>
    </ClCompile>
    <ClCompile Include="windows\winunwind.cpp">
      <Filter>Source Files\windows</Filter>
    </ClCompile>
    <ClCompile Include="common.cpp">
      <Filter>Source Files</Filter>
    </ClCompile>
    <ClCompile Include="tinyinst.cpp">
      <Filter>Source Files</Filter>
    </ClCompile>
  </ItemGroup>
  <ItemGroup>
    <ClInclude Include="windows\executor.h">
      <Filter>Source Files\windows</Filter>
    </ClInclude>
    <ClInclude Include="windows\winunwind.h">
      <Filter>Source Files\windows</Filter>
    </ClInclude>
    <ClInclude Include="assembler.h">
      <Filter>Source Files</Filter>
    </ClInclude>
    <ClInclude Include="common.h">
      <Filter>Source Files</Filter>
    </ClInclude>
    <ClInclude Include="instruction.h">
      <Filter>Source Files</Filter>
    </ClInclude>
    <ClInclude Include="tinyinst.h">
      <Filter>Source Files</Filter>
    </ClInclude>
    <ClInclude Include="unwind.h">
      <Filter>Source Files</Filter>
    </ClInclude>
  </ItemGroup>
</Project>