<?xml version="1.0" encoding="utf-8"?>
<Project ToolsVersion="4.0" xmlns="http://schemas.microsoft.com/developer/msbuild/2003">
  <ItemGroup>
    <Filter Include="arch">
      <UniqueIdentifier>{a0ecc7b4-65ec-4167-8d0f-396c22d28fb1}</UniqueIdentifier>
    </Filter>
    <Filter Include="windows">
      <UniqueIdentifier>{615f294e-c046-4ce5-9d40-7402968e99da}</UniqueIdentifier>
    </Filter>
    <Filter Include="arch\x86">
      <UniqueIdentifier>{e9e71dbc-7d93-4631-ac20-802d578994a5}</UniqueIdentifier>
    </Filter>
  </ItemGroup>
  <ItemGroup>
    <ClInclude Include="arch\x86\reg.h">
      <Filter>arch\x86</Filter>
    </ClInclude>
    <ClInclude Include="arch\x86\x86_assembler.h">
      <Filter>arch\x86</Filter>
    </ClInclude>
    <ClInclude Include="arch\x86\x86_helpers.h">
      <Filter>arch\x86</Filter>
    </ClInclude>
    <ClInclude Include="windows\winunwind.h">
      <Filter>windows</Filter>
    </ClInclude>
    <ClInclude Include="assembler.h" />
    <ClInclude Include="common.h" />
    <ClInclude Include="instruction.h" />
    <ClInclude Include="tinyinst.h" />
    <ClInclude Include="unwind.h" />
    <ClInclude Include="windows\executor.h">
      <Filter>windows</Filter>
    </ClInclude>
  </ItemGroup>
  <ItemGroup>
    <ClCompile Include="arch\x86\x86_assembler.cpp">
      <Filter>arch\x86</Filter>
    </ClCompile>
    <ClCompile Include="arch\x86\x86_helpers.cpp">
      <Filter>arch\x86</Filter>
    </ClCompile>
    <ClCompile Include="windows\winunwind.cpp">
      <Filter>windows</Filter>
    </ClCompile>
    <ClCompile Include="common.cpp" />
    <ClCompile Include="tinyinst.cpp" />
    <ClCompile Include="windows\dllmain.cpp">
      <Filter>windows</Filter>
    </ClCompile>
    <ClCompile Include="windows\executor.cpp">
      <Filter>windows</Filter>
    </ClCompile>
  </ItemGroup>
</Project>